# THIS IS AN AUTOGENERATED FILE. DO NOT EDIT THIS FILE DIRECTLY.
# yarn lockfile v1


"@byem.io/sm2@^0.1.2":
  version "0.1.2"
  resolved "https://registry.yarnpkg.com/@byem.io/sm2/-/sm2-0.1.2.tgz#c25a14ad864f6cff2b3fcdac3d6ce103aa19832d"
  integrity sha512-yJWlkESfPaExwNkK/3C2zCEymZmVbCLmM/2Hvj317dlBhFPBL8SoJzFGD8nEU7CGLAkJmkgRoILwR27E5RG6Ew==
